
Microsoft Visual Studio Solution File, Format Version 12.00
# Visual Studio Version 17
VisualStudioVersion = 17.3.32825.248
MinimumVisualStudioVersion = 10.0.40219.1
Project("{9A19103F-16F7-4668-BE54-9A1E7A4F7556}") = "Api", "Api\Api.csproj", "{D785BE07-65D2-46AC-9E9A-673C5412EB82}"
EndProject
Project("{E53339B2-1760-4266-BCC7-CA923CBCF16C}") = "docker-compose", "docker-compose.dcproj", "{287804CF-5B54-4658-BBFC-59BB3FE14A04}"
EndProject
Global
	GlobalSection(SolutionConfigurationPlatforms) = preSolution
		Debug|Any CPU = Debug|Any CPU
		Release|Any CPU = Release|Any CPU
	EndGlobalSection
	GlobalSection(ProjectConfigurationPlatforms) = postSolution
		{D785BE07-65D2-46AC-9E9A-673C5412EB82}.Debug|Any CPU.ActiveCfg = Debug|Any CPU
		{D785BE07-65D2-46AC-9E9A-673C5412EB82}.Debug|Any CPU.Build.0 = Debug|Any CPU
		{D785BE07-65D2-46AC-9E9A-673C5412EB82}.Release|Any CPU.ActiveCfg = Release|Any CPU
		{D785BE07-65D2-46AC-9E9A-673C5412EB82}.Release|Any CPU.Build.0 = Release|Any CPU
		{287804CF-5B54-4658-BBFC-59BB3FE14A04}.Debug|Any CPU.ActiveCfg = Debug|Any CPU
		{287804CF-5B54-4658-BBFC-59BB3FE14A04}.Debug|Any CPU.Build.0 = Debug|Any CPU
		{287804CF-5B54-4658-BBFC-59BB3FE14A04}.Release|Any CPU.ActiveCfg = Release|Any CPU
		{287804CF-5B54-4658-BBFC-59BB3FE14A04}.Release|Any CPU.Build.0 = Release|Any CPU
	EndGlobalSection
	GlobalSection(SolutionProperties) = preSolution
		HideSolutionNode = FALSE
	EndGlobalSection
	GlobalSection(ExtensibilityGlobals) = postSolution
		SolutionGuid = {3C8F43A0-1BCB-434F-BED6-711C909E6F77}
	EndGlobalSection
EndGlobal
